
Microsoft Visual Studio Solution File, Format Version 12.00
# Visual Studio Version 17
VisualStudioVersion = 17.5.33516.290
MinimumVisualStudioVersion = 10.0.40219.1
Project("{9A19103F-16F7-4668-BE54-9A1E7A4F7556}") = "Title Case", "Title Case\Title Case.csproj", "{B15A4ACB-5C17-44E4-BD8C-634E4C984800}"
EndProject
Project("{9A19103F-16F7-4668-BE54-9A1E7A4F7556}") = "ContadorPalavras", "ContadorPalavras\ContadorPalavras.csproj", "{9A545992-44C5-458B-B43A-1DD98D5F8F85}"
EndProject
Project("{9A19103F-16F7-4668-BE54-9A1E7A4F7556}") = "Cifra De César", "Cifra De César\Cifra De César.csproj", "{4ACCE0C9-42FE-4C96-8007-719FC936350E}"
EndProject
Project("{9A19103F-16F7-4668-BE54-9A1E7A4F7556}") = "Questao4", "Questao4\Questao4.csproj", "{244EE6DA-0671-4240-B9D1-AC9E0BE6EA53}"
EndProject
Project("{FAE04EC0-301F-11D3-BF4B-00C04F79EFBC}") = "Questao5", "questao5\Questao5.csproj", "{6050EA70-2600-4B09-9BA0-F85A5C44B3F2}"
EndProject
Project("{FAE04EC0-301F-11D3-BF4B-00C04F79EFBC}") = "Questao6", "Questao6\Questao6.csproj", "{4E419246-7615-4999-B768-23BF5EDE6B0F}"
EndProject
Global
	GlobalSection(SolutionConfigurationPlatforms) = preSolution
		Debug|Any CPU = Debug|Any CPU
		Release|Any CPU = Release|Any CPU
	EndGlobalSection
	GlobalSection(ProjectConfigurationPlatforms) = postSolution
		{B15A4ACB-5C17-44E4-BD8C-634E4C984800}.Debug|Any CPU.ActiveCfg = Debug|Any CPU
		{B15A4ACB-5C17-44E4-BD8C-634E4C984800}.Debug|Any CPU.Build.0 = Debug|Any CPU
		{B15A4ACB-5C17-44E4-BD8C-634E4C984800}.Release|Any CPU.ActiveCfg = Release|Any CPU
		{B15A4ACB-5C17-44E4-BD8C-634E4C984800}.Release|Any CPU.Build.0 = Release|Any CPU
		{9A545992-44C5-458B-B43A-1DD98D5F8F85}.Debug|Any CPU.ActiveCfg = Debug|Any CPU
		{9A545992-44C5-458B-B43A-1DD98D5F8F85}.Debug|Any CPU.Build.0 = Debug|Any CPU
		{9A545992-44C5-458B-B43A-1DD98D5F8F85}.Release|Any CPU.ActiveCfg = Release|Any CPU
		{9A545992-44C5-458B-B43A-1DD98D5F8F85}.Release|Any CPU.Build.0 = Release|Any CPU
		{4ACCE0C9-42FE-4C96-8007-719FC936350E}.Debug|Any CPU.ActiveCfg = Debug|Any CPU
		{4ACCE0C9-42FE-4C96-8007-719FC936350E}.Debug|Any CPU.Build.0 = Debug|Any CPU
		{4ACCE0C9-42FE-4C96-8007-719FC936350E}.Release|Any CPU.ActiveCfg = Release|Any CPU
		{4ACCE0C9-42FE-4C96-8007-719FC936350E}.Release|Any CPU.Build.0 = Release|Any CPU
		{244EE6DA-0671-4240-B9D1-AC9E0BE6EA53}.Debug|Any CPU.ActiveCfg = Debug|Any CPU
		{244EE6DA-0671-4240-B9D1-AC9E0BE6EA53}.Debug|Any CPU.Build.0 = Debug|Any CPU
		{244EE6DA-0671-4240-B9D1-AC9E0BE6EA53}.Release|Any CPU.ActiveCfg = Release|Any CPU
		{244EE6DA-0671-4240-B9D1-AC9E0BE6EA53}.Release|Any CPU.Build.0 = Release|Any CPU
		{6050EA70-2600-4B09-9BA0-F85A5C44B3F2}.Debug|Any CPU.ActiveCfg = Debug|Any CPU
		{6050EA70-2600-4B09-9BA0-F85A5C44B3F2}.Debug|Any CPU.Build.0 = Debug|Any CPU
		{6050EA70-2600-4B09-9BA0-F85A5C44B3F2}.Release|Any CPU.ActiveCfg = Release|Any CPU
		{6050EA70-2600-4B09-9BA0-F85A5C44B3F2}.Release|Any CPU.Build.0 = Release|Any CPU
		{4E419246-7615-4999-B768-23BF5EDE6B0F}.Debug|Any CPU.ActiveCfg = Debug|Any CPU
		{4E419246-7615-4999-B768-23BF5EDE6B0F}.Debug|Any CPU.Build.0 = Debug|Any CPU
		{4E419246-7615-4999-B768-23BF5EDE6B0F}.Release|Any CPU.ActiveCfg = Release|Any CPU
		{4E419246-7615-4999-B768-23BF5EDE6B0F}.Release|Any CPU.Build.0 = Release|Any CPU
	EndGlobalSection
	GlobalSection(SolutionProperties) = preSolution
		HideSolutionNode = FALSE
	EndGlobalSection
	GlobalSection(ExtensibilityGlobals) = postSolution
		SolutionGuid = {E624C5B1-6E5D-4713-A30E-8D41219C0018}
	EndGlobalSection
EndGlobal
